
Microsoft Visual Studio Solution File, Format Version 12.00
# Visual Studio Version 17
VisualStudioVersion = 17.0.32112.339
MinimumVisualStudioVersion = 10.0.40219.1
Project("{FAE04EC0-301F-11D3-BF4B-00C04F79EFBC}") = "Client-Server", "Client-Server\Client-Server.csproj", "{0F416364-82E7-4503-9C37-6A2DBB4CE4D7}"
EndProject
Project("{FAE04EC0-301F-11D3-BF4B-00C04F79EFBC}") = "WebApiCLient", "WebApiCLient\WebApiCLient.csproj", "{AEE52A98-BF84-4277-9BED-1BEA996FAF21}"
EndProject
Global
	GlobalSection(SolutionConfigurationPlatforms) = preSolution
		Debug|Any CPU = Debug|Any CPU
		Release|Any CPU = Release|Any CPU
	EndGlobalSection
	GlobalSection(ProjectConfigurationPlatforms) = postSolution
		{0F416364-82E7-4503-9C37-6A2DBB4CE4D7}.Debug|Any CPU.ActiveCfg = Debug|Any CPU
		{0F416364-82E7-4503-9C37-6A2DBB4CE4D7}.Debug|Any CPU.Build.0 = Debug|Any CPU
		{0F416364-82E7-4503-9C37-6A2DBB4CE4D7}.Release|Any CPU.ActiveCfg = Release|Any CPU
		{0F416364-82E7-4503-9C37-6A2DBB4CE4D7}.Release|Any CPU.Build.0 = Release|Any CPU
		{AEE52A98-BF84-4277-9BED-1BEA996FAF21}.Debug|Any CPU.ActiveCfg = Debug|Any CPU
		{AEE52A98-BF84-4277-9BED-1BEA996FAF21}.Debug|Any CPU.Build.0 = Debug|Any CPU
		{AEE52A98-BF84-4277-9BED-1BEA996FAF21}.Release|Any CPU.ActiveCfg = Release|Any CPU
		{AEE52A98-BF84-4277-9BED-1BEA996FAF21}.Release|Any CPU.Build.0 = Release|Any CPU
	EndGlobalSection
	GlobalSection(SolutionProperties) = preSolution
		HideSolutionNode = FALSE
	EndGlobalSection
	GlobalSection(ExtensibilityGlobals) = postSolution
		SolutionGuid = {A77A0EF5-4518-4142-B80C-67E4E77ED420}
	EndGlobalSection
EndGlobal
